
Microsoft Visual Studio Solution File, Format Version 12.00
# Visual Studio Version 17
VisualStudioVersion = 17.14.36401.2
MinimumVisualStudioVersion = 10.0.40219.1
Project("{FAE04EC0-301F-11D3-BF4B-00C04F79EFBC}") = "AgriFieldHub", "AgriFieldHub\AgriFieldHub.csproj", "{8E80DBC7-1274-4714-9D52-7F06CCA36791}"
EndProject
Project("{FAE04EC0-301F-11D3-BF4B-00C04F79EFBC}") = "AgriFieldHub.Tests", "AgriFieldHub.Tests\AgriFieldHub.Tests.csproj", "{4F874AC5-C779-42C5-85E5-309829C7E5FF}"
EndProject
Global
	GlobalSection(SolutionConfigurationPlatforms) = preSolution
		Debug|Any CPU = Debug|Any CPU
		Debug|x64 = Debug|x64
		Debug|x86 = Debug|x86
		Release|Any CPU = Release|Any CPU
		Release|x64 = Release|x64
		Release|x86 = Release|x86
	EndGlobalSection
	GlobalSection(ProjectConfigurationPlatforms) = postSolution
		{8E80DBC7-1274-4714-9D52-7F06CCA36791}.Debug|Any CPU.ActiveCfg = Debug|Any CPU
		{8E80DBC7-1274-4714-9D52-7F06CCA36791}.Debug|Any CPU.Build.0 = Debug|Any CPU
		{8E80DBC7-1274-4714-9D52-7F06CCA36791}.Debug|x64.ActiveCfg = Debug|Any CPU
		{8E80DBC7-1274-4714-9D52-7F06CCA36791}.Debug|x64.Build.0 = Debug|Any CPU
		{8E80DBC7-1274-4714-9D52-7F06CCA36791}.Debug|x86.ActiveCfg = Debug|Any CPU
		{8E80DBC7-1274-4714-9D52-7F06CCA36791}.Debug|x86.Build.0 = Debug|Any CPU
		{8E80DBC7-1274-4714-9D52-7F06CCA36791}.Release|Any CPU.ActiveCfg = Release|Any CPU
		{8E80DBC7-1274-4714-9D52-7F06CCA36791}.Release|Any CPU.Build.0 = Release|Any CPU
		{8E80DBC7-1274-4714-9D52-7F06CCA36791}.Release|x64.ActiveCfg = Release|Any CPU
		{8E80DBC7-1274-4714-9D52-7F06CCA36791}.Release|x64.Build.0 = Release|Any CPU
		{8E80DBC7-1274-4714-9D52-7F06CCA36791}.Release|x86.ActiveCfg = Release|Any CPU
		{8E80DBC7-1274-4714-9D52-7F06CCA36791}.Release|x86.Build.0 = Release|Any CPU
		{4F874AC5-C779-42C5-85E5-309829C7E5FF}.Debug|Any CPU.ActiveCfg = Debug|Any CPU
		{4F874AC5-C779-42C5-85E5-309829C7E5FF}.Debug|Any CPU.Build.0 = Debug|Any CPU
		{4F874AC5-C779-42C5-85E5-309829C7E5FF}.Debug|x64.ActiveCfg = Debug|Any CPU
		{4F874AC5-C779-42C5-85E5-309829C7E5FF}.Debug|x64.Build.0 = Debug|Any CPU
		{4F874AC5-C779-42C5-85E5-309829C7E5FF}.Debug|x86.ActiveCfg = Debug|Any CPU
		{4F874AC5-C779-42C5-85E5-309829C7E5FF}.Debug|x86.Build.0 = Debug|Any CPU
		{4F874AC5-C779-42C5-85E5-309829C7E5FF}.Release|Any CPU.ActiveCfg = Release|Any CPU
		{4F874AC5-C779-42C5-85E5-309829C7E5FF}.Release|Any CPU.Build.0 = Release|Any CPU
		{4F874AC5-C779-42C5-85E5-309829C7E5FF}.Release|x64.ActiveCfg = Release|Any CPU
		{4F874AC5-C779-42C5-85E5-309829C7E5FF}.Release|x64.Build.0 = Release|Any CPU
		{4F874AC5-C779-42C5-85E5-309829C7E5FF}.Release|x86.ActiveCfg = Release|Any CPU
		{4F874AC5-C779-42C5-85E5-309829C7E5FF}.Release|x86.Build.0 = Release|Any CPU
	EndGlobalSection
	GlobalSection(SolutionProperties) = preSolution
		HideSolutionNode = FALSE
	EndGlobalSection
	GlobalSection(ExtensibilityGlobals) = postSolution
		SolutionGuid = {E32CBC05-266A-4166-9DB2-6FF6C1F75088}
	EndGlobalSection
EndGlobal
